// !$*UTF8*$!
{
	archiveVersion = 1;
	classes = {
	};
	objectVersion = 56;
	objects = {

/* Begin PBXBuildFile section */
		7802DCA02A15118A0076238D /* PurifyingView.swift in Sources */ = {isa = PBXBuildFile; fileRef = 7802DC9F2A15118A0076238D /* PurifyingView.swift */; };
		7802DCA22A151DCF0076238D /* PurifyingMainCardView.swift in Sources */ = {isa = PBXBuildFile; fileRef = 7802DCA12A151DCF0076238D /* PurifyingMainCardView.swift */; };
		783C47CB2A13C54900B9A7A7 /* TabBarView.swift in Sources */ = {isa = PBXBuildFile; fileRef = 783C47CA2A13C54900B9A7A7 /* TabBarView.swift */; };
		783C47CD2A13C69400B9A7A7 /* MapViewModel.swift in Sources */ = {isa = PBXBuildFile; fileRef = 783C47CC2A13C69400B9A7A7 /* MapViewModel.swift */; };
		783C47CF2A13C6CA00B9A7A7 /* MapView.swift in Sources */ = {isa = PBXBuildFile; fileRef = 783C47CE2A13C6CA00B9A7A7 /* MapView.swift */; };
		78561E8B2A0BAC15000AA43E /* AuraMobileApp.swift in Sources */ = {isa = PBXBuildFile; fileRef = 78561E8A2A0BAC15000AA43E /* AuraMobileApp.swift */; };
		78561E8D2A0BAC15000AA43E /* ContentView.swift in Sources */ = {isa = PBXBuildFile; fileRef = 78561E8C2A0BAC15000AA43E /* ContentView.swift */; };
		78561E8F2A0BAC15000AA43E /* Assets.xcassets in Resources */ = {isa = PBXBuildFile; fileRef = 78561E8E2A0BAC15000AA43E /* Assets.xcassets */; };
		78561E922A0BAC15000AA43E /* Preview Assets.xcassets in Resources */ = {isa = PBXBuildFile; fileRef = 78561E912A0BAC15000AA43E /* Preview Assets.xcassets */; };
		78561E9C2A0BAC15000AA43E /* AuraMobileTests.swift in Sources */ = {isa = PBXBuildFile; fileRef = 78561E9B2A0BAC15000AA43E /* AuraMobileTests.swift */; };
		78561EA62A0BAC15000AA43E /* AuraMobileUITests.swift in Sources */ = {isa = PBXBuildFile; fileRef = 78561EA52A0BAC15000AA43E /* AuraMobileUITests.swift */; };
		78561EA82A0BAC15000AA43E /* AuraMobileUITestsLaunchTests.swift in Sources */ = {isa = PBXBuildFile; fileRef = 78561EA72A0BAC15000AA43E /* AuraMobileUITestsLaunchTests.swift */; };
		786C17E62A161F6300A65CAE /* PurifyingButtonView.swift in Sources */ = {isa = PBXBuildFile; fileRef = 786C17E52A161F6300A65CAE /* PurifyingButtonView.swift */; };
		786C17E82A16244800A65CAE /* PurifyingSecondCardView.swift in Sources */ = {isa = PBXBuildFile; fileRef = 786C17E72A16244800A65CAE /* PurifyingSecondCardView.swift */; };
		789F14652A0D0D6C004236EC /* DashboardView.swift in Sources */ = {isa = PBXBuildFile; fileRef = 789F14642A0D0D6C004236EC /* DashboardView.swift */; };
		789F14672A0D0E43004236EC /* ManufattoView.swift in Sources */ = {isa = PBXBuildFile; fileRef = 789F14662A0D0E43004236EC /* ManufattoView.swift */; };
		789F14692A0D0F3A004236EC /* AppColors.swift in Sources */ = {isa = PBXBuildFile; fileRef = 789F14682A0D0F3A004236EC /* AppColors.swift */; };
		789F146D2A0D176D004236EC /* AreaDetailsView.swift in Sources */ = {isa = PBXBuildFile; fileRef = 789F146C2A0D176D004236EC /* AreaDetailsView.swift */; };
		78AFF6CD2A0E75700067AF2C /* ButtonView.swift in Sources */ = {isa = PBXBuildFile; fileRef = 78AFF6CC2A0E75700067AF2C /* ButtonView.swift */; };
		78E606882A1672BA0011C5D8 /* PurifyingThirdCardView.swift in Sources */ = {isa = PBXBuildFile; fileRef = 78E606872A1672BA0011C5D8 /* PurifyingThirdCardView.swift */; };
/* End PBXBuildFile section */

/* Begin PBXContainerItemProxy section */
		78561E982A0BAC15000AA43E /* PBXContainerItemProxy */ = {
			isa = PBXContainerItemProxy;
			containerPortal = 78561E7F2A0BAC14000AA43E /* Project object */;
			proxyType = 1;
			remoteGlobalIDString = 78561E862A0BAC15000AA43E;
			remoteInfo = AuraMobile;
		};
		78561EA22A0BAC15000AA43E /* PBXContainerItemProxy */ = {
			isa = PBXContainerItemProxy;
			containerPortal = 78561E7F2A0BAC14000AA43E /* Project object */;
			proxyType = 1;
			remoteGlobalIDString = 78561E862A0BAC15000AA43E;
			remoteInfo = AuraMobile;
		};
/* End PBXContainerItemProxy section */

/* Begin PBXFileReference section */
		7802DC9F2A15118A0076238D /* PurifyingView.swift */ = {isa = PBXFileReference; lastKnownFileType = sourcecode.swift; path = PurifyingView.swift; sourceTree = "<group>"; };
		7802DCA12A151DCF0076238D /* PurifyingMainCardView.swift */ = {isa = PBXFileReference; lastKnownFileType = sourcecode.swift; path = PurifyingMainCardView.swift; sourceTree = "<group>"; };
		783C47CA2A13C54900B9A7A7 /* TabBarView.swift */ = {isa = PBXFileReference; lastKnownFileType = sourcecode.swift; path = TabBarView.swift; sourceTree = "<group>"; };
		783C47CC2A13C69400B9A7A7 /* MapViewModel.swift */ = {isa = PBXFileReference; lastKnownFileType = sourcecode.swift; path = MapViewModel.swift; sourceTree = "<group>"; };
		783C47CE2A13C6CA00B9A7A7 /* MapView.swift */ = {isa = PBXFileReference; lastKnownFileType = sourcecode.swift; path = MapView.swift; sourceTree = "<group>"; };
		78561E872A0BAC15000AA43E /* AuraMobile.app */ = {isa = PBXFileReference; explicitFileType = wrapper.application; includeInIndex = 0; path = AuraMobile.app; sourceTree = BUILT_PRODUCTS_DIR; };
		78561E8A2A0BAC15000AA43E /* AuraMobileApp.swift */ = {isa = PBXFileReference; lastKnownFileType = sourcecode.swift; path = AuraMobileApp.swift; sourceTree = "<group>"; };
		78561E8C2A0BAC15000AA43E /* ContentView.swift */ = {isa = PBXFileReference; lastKnownFileType = sourcecode.swift; path = ContentView.swift; sourceTree = "<group>"; };
		78561E8E2A0BAC15000AA43E /* Assets.xcassets */ = {isa = PBXFileReference; lastKnownFileType = folder.assetcatalog; path = Assets.xcassets; sourceTree = "<group>"; };
		78561E912A0BAC15000AA43E /* Preview Assets.xcassets */ = {isa = PBXFileReference; lastKnownFileType = folder.assetcatalog; path = "Preview Assets.xcassets"; sourceTree = "<group>"; };
		78561E972A0BAC15000AA43E /* AuraMobileTests.xctest */ = {isa = PBXFileReference; explicitFileType = wrapper.cfbundle; includeInIndex = 0; path = AuraMobileTests.xctest; sourceTree = BUILT_PRODUCTS_DIR; };
		78561E9B2A0BAC15000AA43E /* AuraMobileTests.swift */ = {isa = PBXFileReference; lastKnownFileType = sourcecode.swift; path = AuraMobileTests.swift; sourceTree = "<group>"; };
		78561EA12A0BAC15000AA43E /* AuraMobileUITests.xctest */ = {isa = PBXFileReference; explicitFileType = wrapper.cfbundle; includeInIndex = 0; path = AuraMobileUITests.xctest; sourceTree = BUILT_PRODUCTS_DIR; };
		78561EA52A0BAC15000AA43E /* AuraMobileUITests.swift */ = {isa = PBXFileReference; lastKnownFileType = sourcecode.swift; path = AuraMobileUITests.swift; sourceTree = "<group>"; };
		78561EA72A0BAC15000AA43E /* AuraMobileUITestsLaunchTests.swift */ = {isa = PBXFileReference; lastKnownFileType = sourcecode.swift; path = AuraMobileUITestsLaunchTests.swift; sourceTree = "<group>"; };
		786C17E52A161F6300A65CAE /* PurifyingButtonView.swift */ = {isa = PBXFileReference; lastKnownFileType = sourcecode.swift; path = PurifyingButtonView.swift; sourceTree = "<group>"; };
		786C17E72A16244800A65CAE /* PurifyingSecondCardView.swift */ = {isa = PBXFileReference; lastKnownFileType = sourcecode.swift; path = PurifyingSecondCardView.swift; sourceTree = "<group>"; };
		789F14642A0D0D6C004236EC /* DashboardView.swift */ = {isa = PBXFileReference; lastKnownFileType = sourcecode.swift; path = DashboardView.swift; sourceTree = "<group>"; };
		789F14662A0D0E43004236EC /* ManufattoView.swift */ = {isa = PBXFileReference; lastKnownFileType = sourcecode.swift; path = ManufattoView.swift; sourceTree = "<group>"; };
		789F14682A0D0F3A004236EC /* AppColors.swift */ = {isa = PBXFileReference; lastKnownFileType = sourcecode.swift; path = AppColors.swift; sourceTree = "<group>"; };
		789F146C2A0D176D004236EC /* AreaDetailsView.swift */ = {isa = PBXFileReference; lastKnownFileType = sourcecode.swift; path = AreaDetailsView.swift; sourceTree = "<group>"; };
		78AFF6CC2A0E75700067AF2C /* ButtonView.swift */ = {isa = PBXFileReference; lastKnownFileType = sourcecode.swift; path = ButtonView.swift; sourceTree = "<group>"; };
		78E606872A1672BA0011C5D8 /* PurifyingThirdCardView.swift */ = {isa = PBXFileReference; lastKnownFileType = sourcecode.swift; path = PurifyingThirdCardView.swift; sourceTree = "<group>"; };
/* End PBXFileReference section */

/* Begin PBXFrameworksBuildPhase section */
		78561E842A0BAC15000AA43E /* Frameworks */ = {
			isa = PBXFrameworksBuildPhase;
			buildActionMask = 2147483647;
			files = (
			);
			runOnlyForDeploymentPostprocessing = 0;
		};
		78561E942A0BAC15000AA43E /* Frameworks */ = {
			isa = PBXFrameworksBuildPhase;
			buildActionMask = 2147483647;
			files = (
			);
			runOnlyForDeploymentPostprocessing = 0;
		};
		78561E9E2A0BAC15000AA43E /* Frameworks */ = {
			isa = PBXFrameworksBuildPhase;
			buildActionMask = 2147483647;
			files = (
			);
			runOnlyForDeploymentPostprocessing = 0;
		};
/* End PBXFrameworksBuildPhase section */

/* Begin PBXGroup section */
		78561E7E2A0BAC14000AA43E = {
			isa = PBXGroup;
			children = (
				78561E892A0BAC15000AA43E /* AuraMobile */,
				78561E9A2A0BAC15000AA43E /* AuraMobileTests */,
				78561EA42A0BAC15000AA43E /* AuraMobileUITests */,
				78561E882A0BAC15000AA43E /* Products */,
			);
			sourceTree = "<group>";
		};
		78561E882A0BAC15000AA43E /* Products */ = {
			isa = PBXGroup;
			children = (
				78561E872A0BAC15000AA43E /* AuraMobile.app */,
				78561E972A0BAC15000AA43E /* AuraMobileTests.xctest */,
				78561EA12A0BAC15000AA43E /* AuraMobileUITests.xctest */,
			);
			name = Products;
			sourceTree = "<group>";
		};
		78561E892A0BAC15000AA43E /* AuraMobile */ = {
			isa = PBXGroup;
			children = (
				789F14612A0D0C92004236EC /* ViewModels */,
				789F14602A0D0C8C004236EC /* Views */,
				789F145F2A0D0C83004236EC /* Models */,
				78561E8A2A0BAC15000AA43E /* AuraMobileApp.swift */,
				78561E8C2A0BAC15000AA43E /* ContentView.swift */,
				78561E8E2A0BAC15000AA43E /* Assets.xcassets */,
				78561E902A0BAC15000AA43E /* Preview Content */,
			);
			path = AuraMobile;
			sourceTree = "<group>";
		};
		78561E902A0BAC15000AA43E /* Preview Content */ = {
			isa = PBXGroup;
			children = (
				78561E912A0BAC15000AA43E /* Preview Assets.xcassets */,
			);
			path = "Preview Content";
			sourceTree = "<group>";
		};
		78561E9A2A0BAC15000AA43E /* AuraMobileTests */ = {
			isa = PBXGroup;
			children = (
				78561E9B2A0BAC15000AA43E /* AuraMobileTests.swift */,
			);
			path = AuraMobileTests;
			sourceTree = "<group>";
		};
		78561EA42A0BAC15000AA43E /* AuraMobileUITests */ = {
			isa = PBXGroup;
			children = (
				78561EA52A0BAC15000AA43E /* AuraMobileUITests.swift */,
				78561EA72A0BAC15000AA43E /* AuraMobileUITestsLaunchTests.swift */,
			);
			path = AuraMobileUITests;
			sourceTree = "<group>";
		};
		789F145F2A0D0C83004236EC /* Models */ = {
			isa = PBXGroup;
			children = (
				789F14682A0D0F3A004236EC /* AppColors.swift */,
			);
			path = Models;
			sourceTree = "<group>";
		};
		789F14602A0D0C8C004236EC /* Views */ = {
			isa = PBXGroup;
			children = (
				789F14642A0D0D6C004236EC /* DashboardView.swift */,
				783C47CA2A13C54900B9A7A7 /* TabBarView.swift */,
				789F14662A0D0E43004236EC /* ManufattoView.swift */,
				789F146C2A0D176D004236EC /* AreaDetailsView.swift */,
				78AFF6CC2A0E75700067AF2C /* ButtonView.swift */,
				783C47CE2A13C6CA00B9A7A7 /* MapView.swift */,
				7802DC9F2A15118A0076238D /* PurifyingView.swift */,
				786C17E72A16244800A65CAE /* PurifyingSecondCardView.swift */,
				7802DCA12A151DCF0076238D /* PurifyingMainCardView.swift */,
				786C17E52A161F6300A65CAE /* PurifyingButtonView.swift */,
				78E606872A1672BA0011C5D8 /* PurifyingThirdCardView.swift */,
			);
			path = Views;
			sourceTree = "<group>";
		};
		789F14612A0D0C92004236EC /* ViewModels */ = {
			isa = PBXGroup;
			children = (
				783C47CC2A13C69400B9A7A7 /* MapViewModel.swift */,
			);
			path = ViewModels;
			sourceTree = "<group>";
		};
/* End PBXGroup section */

/* Begin PBXNativeTarget section */
		78561E862A0BAC15000AA43E /* AuraMobile */ = {
			isa = PBXNativeTarget;
			buildConfigurationList = 78561EAB2A0BAC15000AA43E /* Build configuration list for PBXNativeTarget "AuraMobile" */;
			buildPhases = (
				78561E832A0BAC15000AA43E /* Sources */,
				78561E842A0BAC15000AA43E /* Frameworks */,
				78561E852A0BAC15000AA43E /* Resources */,
			);
			buildRules = (
			);
			dependencies = (
			);
			name = AuraMobile;
			productName = AuraMobile;
			productReference = 78561E872A0BAC15000AA43E /* AuraMobile.app */;
			productType = "com.apple.product-type.application";
		};
		78561E962A0BAC15000AA43E /* AuraMobileTests */ = {
			isa = PBXNativeTarget;
			buildConfigurationList = 78561EAE2A0BAC15000AA43E /* Build configuration list for PBXNativeTarget "AuraMobileTests" */;
			buildPhases = (
				78561E932A0BAC15000AA43E /* Sources */,
				78561E942A0BAC15000AA43E /* Frameworks */,
				78561E952A0BAC15000AA43E /* Resources */,
			);
			buildRules = (
			);
			dependencies = (
				78561E992A0BAC15000AA43E /* PBXTargetDependency */,
			);
			name = AuraMobileTests;
			productName = AuraMobileTests;
			productReference = 78561E972A0BAC15000AA43E /* AuraMobileTests.xctest */;
			productType = "com.apple.product-type.bundle.unit-test";
		};
		78561EA02A0BAC15000AA43E /* AuraMobileUITests */ = {
			isa = PBXNativeTarget;
			buildConfigurationList = 78561EB12A0BAC15000AA43E /* Build configuration list for PBXNativeTarget "AuraMobileUITests" */;
			buildPhases = (
				78561E9D2A0BAC15000AA43E /* Sources */,
				78561E9E2A0BAC15000AA43E /* Frameworks */,
				78561E9F2A0BAC15000AA43E /* Resources */,
			);
			buildRules = (
			);
			dependencies = (
				78561EA32A0BAC15000AA43E /* PBXTargetDependency */,
			);
			name = AuraMobileUITests;
			productName = AuraMobileUITests;
			productReference = 78561EA12A0BAC15000AA43E /* AuraMobileUITests.xctest */;
			productType = "com.apple.product-type.bundle.ui-testing";
		};
/* End PBXNativeTarget section */

/* Begin PBXProject section */
		78561E7F2A0BAC14000AA43E /* Project object */ = {
			isa = PBXProject;
			attributes = {
				BuildIndependentTargetsInParallel = 1;
				LastSwiftUpdateCheck = 1430;
				LastUpgradeCheck = 1430;
				TargetAttributes = {
					78561E862A0BAC15000AA43E = {
						CreatedOnToolsVersion = 14.3;
					};
					78561E962A0BAC15000AA43E = {
						CreatedOnToolsVersion = 14.3;
						TestTargetID = 78561E862A0BAC15000AA43E;
					};
					78561EA02A0BAC15000AA43E = {
						CreatedOnToolsVersion = 14.3;
						TestTargetID = 78561E862A0BAC15000AA43E;
					};
				};
			};
			buildConfigurationList = 78561E822A0BAC14000AA43E /* Build configuration list for PBXProject "AuraMobile" */;
			compatibilityVersion = "Xcode 14.0";
			developmentRegion = en;
			hasScannedForEncodings = 0;
			knownRegions = (
				en,
				Base,
			);
			mainGroup = 78561E7E2A0BAC14000AA43E;
			productRefGroup = 78561E882A0BAC15000AA43E /* Products */;
			projectDirPath = "";
			projectRoot = "";
			targets = (
				78561E862A0BAC15000AA43E /* AuraMobile */,
				78561E962A0BAC15000AA43E /* AuraMobileTests */,
				78561EA02A0BAC15000AA43E /* AuraMobileUITests */,
			);
		};
/* End PBXProject section */

/* Begin PBXResourcesBuildPhase section */
		78561E852A0BAC15000AA43E /* Resources */ = {
			isa = PBXResourcesBuildPhase;
			buildActionMask = 2147483647;
			files = (
				78561E922A0BAC15000AA43E /* Preview Assets.xcassets in Resources */,
				78561E8F2A0BAC15000AA43E /* Assets.xcassets in Resources */,
			);
			runOnlyForDeploymentPostprocessing = 0;
		};
		78561E952A0BAC15000AA43E /* Resources */ = {
			isa = PBXResourcesBuildPhase;
			buildActionMask = 2147483647;
			files = (
			);
			runOnlyForDeploymentPostprocessing = 0;
		};
		78561E9F2A0BAC15000AA43E /* Resources */ = {
			isa = PBXResourcesBuildPhase;
			buildActionMask = 2147483647;
			files = (
			);
			runOnlyForDeploymentPostprocessing = 0;
		};
/* End PBXResourcesBuildPhase section */

/* Begin PBXSourcesBuildPhase section */
		78561E832A0BAC15000AA43E /* Sources */ = {
			isa = PBXSourcesBuildPhase;
			buildActionMask = 2147483647;
			files = (
				789F14672A0D0E43004236EC /* ManufattoView.swift in Sources */,
				7802DCA22A151DCF0076238D /* PurifyingMainCardView.swift in Sources */,
				78AFF6CD2A0E75700067AF2C /* ButtonView.swift in Sources */,
				78E606882A1672BA0011C5D8 /* PurifyingThirdCardView.swift in Sources */,
				783C47CB2A13C54900B9A7A7 /* TabBarView.swift in Sources */,
				78561E8D2A0BAC15000AA43E /* ContentView.swift in Sources */,
				789F146D2A0D176D004236EC /* AreaDetailsView.swift in Sources */,
				789F14652A0D0D6C004236EC /* DashboardView.swift in Sources */,
				789F14692A0D0F3A004236EC /* AppColors.swift in Sources */,
				786C17E62A161F6300A65CAE /* PurifyingButtonView.swift in Sources */,
				783C47CF2A13C6CA00B9A7A7 /* MapView.swift in Sources */,
				7802DCA02A15118A0076238D /* PurifyingView.swift in Sources */,
				78561E8B2A0BAC15000AA43E /* AuraMobileApp.swift in Sources */,
				786C17E82A16244800A65CAE /* PurifyingSecondCardView.swift in Sources */,
				783C47CD2A13C69400B9A7A7 /* MapViewModel.swift in Sources */,
			);
			runOnlyForDeploymentPostprocessing = 0;
		};
		78561E932A0BAC15000AA43E /* Sources */ = {
			isa = PBXSourcesBuildPhase;
			buildActionMask = 2147483647;
			files = (
				78561E9C2A0BAC15000AA43E /* AuraMobileTests.swift in Sources */,
			);
			runOnlyForDeploymentPostprocessing = 0;
		};
		78561E9D2A0BAC15000AA43E /* Sources */ = {
			isa = PBXSourcesBuildPhase;
			buildActionMask = 2147483647;
			files = (
				78561EA62A0BAC15000AA43E /* AuraMobileUITests.swift in Sources */,
				78561EA82A0BAC15000AA43E /* AuraMobileUITestsLaunchTests.swift in Sources */,
			);
			runOnlyForDeploymentPostprocessing = 0;
		};
/* End PBXSourcesBuildPhase section */

/* Begin PBXTargetDependency section */
		78561E992A0BAC15000AA43E /* PBXTargetDependency */ = {
			isa = PBXTargetDependency;
			target = 78561E862A0BAC15000AA43E /* AuraMobile */;
			targetProxy = 78561E982A0BAC15000AA43E /* PBXContainerItemProxy */;
		};
		78561EA32A0BAC15000AA43E /* PBXTargetDependency */ = {
			isa = PBXTargetDependency;
			target = 78561E862A0BAC15000AA43E /* AuraMobile */;
			targetProxy = 78561EA22A0BAC15000AA43E /* PBXContainerItemProxy */;
		};
/* End PBXTargetDependency section */

/* Begin XCBuildConfiguration section */
		78561EA92A0BAC15000AA43E /* Debug */ = {
			isa = XCBuildConfiguration;
			buildSettings = {
				ALWAYS_SEARCH_USER_PATHS = NO;
				CLANG_ANALYZER_NONNULL = YES;
				CLANG_ANALYZER_NUMBER_OBJECT_CONVERSION = YES_AGGRESSIVE;
				CLANG_CXX_LANGUAGE_STANDARD = "gnu++20";
				CLANG_ENABLE_MODULES = YES;
				CLANG_ENABLE_OBJC_ARC = YES;
				CLANG_ENABLE_OBJC_WEAK = YES;
				CLANG_WARN_BLOCK_CAPTURE_AUTORELEASING = YES;
				CLANG_WARN_BOOL_CONVERSION = YES;
				CLANG_WARN_COMMA = YES;
				CLANG_WARN_CONSTANT_CONVERSION = YES;
				CLANG_WARN_DEPRECATED_OBJC_IMPLEMENTATIONS = YES;
				CLANG_WARN_DIRECT_OBJC_ISA_USAGE = YES_ERROR;
				CLANG_WARN_DOCUMENTATION_COMMENTS = YES;
				CLANG_WARN_EMPTY_BODY = YES;
				CLANG_WARN_ENUM_CONVERSION = YES;
				CLANG_WARN_INFINITE_RECURSION = YES;
				CLANG_WARN_INT_CONVERSION = YES;
				CLANG_WARN_NON_LITERAL_NULL_CONVERSION = YES;
				CLANG_WARN_OBJC_IMPLICIT_RETAIN_SELF = YES;
				CLANG_WARN_OBJC_LITERAL_CONVERSION = YES;
				CLANG_WARN_OBJC_ROOT_CLASS = YES_ERROR;
				CLANG_WARN_QUOTED_INCLUDE_IN_FRAMEWORK_HEADER = YES;
				CLANG_WARN_RANGE_LOOP_ANALYSIS = YES;
				CLANG_WARN_STRICT_PROTOTYPES = YES;
				CLANG_WARN_SUSPICIOUS_MOVE = YES;
				CLANG_WARN_UNGUARDED_AVAILABILITY = YES_AGGRESSIVE;
				CLANG_WARN_UNREACHABLE_CODE = YES;
				CLANG_WARN__DUPLICATE_METHOD_MATCH = YES;
				COPY_PHASE_STRIP = NO;
				DEBUG_INFORMATION_FORMAT = dwarf;
				ENABLE_STRICT_OBJC_MSGSEND = YES;
				ENABLE_TESTABILITY = YES;
				GCC_C_LANGUAGE_STANDARD = gnu11;
				GCC_DYNAMIC_NO_PIC = NO;
				GCC_NO_COMMON_BLOCKS = YES;
				GCC_OPTIMIZATION_LEVEL = 0;
				GCC_PREPROCESSOR_DEFINITIONS = (
					"DEBUG=1",
					"$(inherited)",
				);
				GCC_WARN_64_TO_32_BIT_CONVERSION = YES;
				GCC_WARN_ABOUT_RETURN_TYPE = YES_ERROR;
				GCC_WARN_UNDECLARED_SELECTOR = YES;
				GCC_WARN_UNINITIALIZED_AUTOS = YES_AGGRESSIVE;
				GCC_WARN_UNUSED_FUNCTION = YES;
				GCC_WARN_UNUSED_VARIABLE = YES;
				IPHONEOS_DEPLOYMENT_TARGET = 16.4;
				MTL_ENABLE_DEBUG_INFO = INCLUDE_SOURCE;
				MTL_FAST_MATH = YES;
				ONLY_ACTIVE_ARCH = YES;
				SDKROOT = iphoneos;
				SWIFT_ACTIVE_COMPILATION_CONDITIONS = DEBUG;
				SWIFT_OPTIMIZATION_LEVEL = "-Onone";
			};
			name = Debug;
		};
		78561EAA2A0BAC15000AA43E /* Release */ = {
			isa = XCBuildConfiguration;
			buildSettings = {
				ALWAYS_SEARCH_USER_PATHS = NO;
				CLANG_ANALYZER_NONNULL = YES;
				CLANG_ANALYZER_NUMBER_OBJECT_CONVERSION = YES_AGGRESSIVE;
				CLANG_CXX_LANGUAGE_STANDARD = "gnu++20";
				CLANG_ENABLE_MODULES = YES;
				CLANG_ENABLE_OBJC_ARC = YES;
				CLANG_ENABLE_OBJC_WEAK = YES;
				CLANG_WARN_BLOCK_CAPTURE_AUTORELEASING = YES;
				CLANG_WARN_BOOL_CONVERSION = YES;
				CLANG_WARN_COMMA = YES;
				CLANG_WARN_CONSTANT_CONVERSION = YES;
				CLANG_WARN_DEPRECATED_OBJC_IMPLEMENTATIONS = YES;
				CLANG_WARN_DIRECT_OBJC_ISA_USAGE = YES_ERROR;
				CLANG_WARN_DOCUMENTATION_COMMENTS = YES;
				CLANG_WARN_EMPTY_BODY = YES;
				CLANG_WARN_ENUM_CONVERSION = YES;
				CLANG_WARN_INFINITE_RECURSION = YES;
				CLANG_WARN_INT_CONVERSION = YES;
				CLANG_WARN_NON_LITERAL_NULL_CONVERSION = YES;
				CLANG_WARN_OBJC_IMPLICIT_RETAIN_SELF = YES;
				CLANG_WARN_OBJC_LITERAL_CONVERSION = YES;
				CLANG_WARN_OBJC_ROOT_CLASS = YES_ERROR;
				CLANG_WARN_QUOTED_INCLUDE_IN_FRAMEWORK_HEADER = YES;
				CLANG_WARN_RANGE_LOOP_ANALYSIS = YES;
				CLANG_WARN_STRICT_PROTOTYPES = YES;
				CLANG_WARN_SUSPICIOUS_MOVE = YES;
				CLANG_WARN_UNGUARDED_AVAILABILITY = YES_AGGRESSIVE;
				CLANG_WARN_UNREACHABLE_CODE = YES;
				CLANG_WARN__DUPLICATE_METHOD_MATCH = YES;
				COPY_PHASE_STRIP = NO;
				DEBUG_INFORMATION_FORMAT = "dwarf-with-dsym";
				ENABLE_NS_ASSERTIONS = NO;
				ENABLE_STRICT_OBJC_MSGSEND = YES;
				GCC_C_LANGUAGE_STANDARD = gnu11;
				GCC_NO_COMMON_BLOCKS = YES;
				GCC_WARN_64_TO_32_BIT_CONVERSION = YES;
				GCC_WARN_ABOUT_RETURN_TYPE = YES_ERROR;
				GCC_WARN_UNDECLARED_SELECTOR = YES;
				GCC_WARN_UNINITIALIZED_AUTOS = YES_AGGRESSIVE;
				GCC_WARN_UNUSED_FUNCTION = YES;
				GCC_WARN_UNUSED_VARIABLE = YES;
				IPHONEOS_DEPLOYMENT_TARGET = 16.4;
				MTL_ENABLE_DEBUG_INFO = NO;
				MTL_FAST_MATH = YES;
				SDKROOT = iphoneos;
				SWIFT_COMPILATION_MODE = wholemodule;
				SWIFT_OPTIMIZATION_LEVEL = "-O";
				VALIDATE_PRODUCT = YES;
			};
			name = Release;
		};
		78561EAC2A0BAC15000AA43E /* Debug */ = {
			isa = XCBuildConfiguration;
			buildSettings = {
				ASSETCATALOG_COMPILER_APPICON_NAME = AppIcon;
				ASSETCATALOG_COMPILER_GLOBAL_ACCENT_COLOR_NAME = AccentColor;
				CODE_SIGN_STYLE = Automatic;
				CURRENT_PROJECT_VERSION = 1;
				DEVELOPMENT_ASSET_PATHS = "\"AuraMobile/Preview Content\"";
				DEVELOPMENT_TEAM = 94F2P9ZZT8;
				ENABLE_PREVIEWS = YES;
				GENERATE_INFOPLIST_FILE = YES;
				INFOPLIST_KEY_UIApplicationSceneManifest_Generation = YES;
				INFOPLIST_KEY_UIApplicationSupportsIndirectInputEvents = YES;
				INFOPLIST_KEY_UILaunchScreen_Generation = YES;
				INFOPLIST_KEY_UISupportedInterfaceOrientations_iPad = "UIInterfaceOrientationPortrait UIInterfaceOrientationPortraitUpsideDown UIInterfaceOrientationLandscapeLeft UIInterfaceOrientationLandscapeRight";
				INFOPLIST_KEY_UISupportedInterfaceOrientations_iPhone = "UIInterfaceOrientationPortrait UIInterfaceOrientationLandscapeLeft UIInterfaceOrientationLandscapeRight";
				LD_RUNPATH_SEARCH_PATHS = (
					"$(inherited)",
					"@executable_path/Frameworks",
				);
				MARKETING_VERSION = 1.0;
				PRODUCT_BUNDLE_IDENTIFIER = AURA.AuraMobile;
				PRODUCT_NAME = "$(TARGET_NAME)";
				SWIFT_EMIT_LOC_STRINGS = YES;
				SWIFT_VERSION = 5.0;
				TARGETED_DEVICE_FAMILY = "1,2";
			};
			name = Debug;
		};
		78561EAD2A0BAC15000AA43E /* Release */ = {
			isa = XCBuildConfiguration;
			buildSettings = {
				ASSETCATALOG_COMPILER_APPICON_NAME = AppIcon;
				ASSETCATALOG_COMPILER_GLOBAL_ACCENT_COLOR_NAME = AccentColor;
				CODE_SIGN_STYLE = Automatic;
				CURRENT_PROJECT_VERSION = 1;
				DEVELOPMENT_ASSET_PATHS = "\"AuraMobile/Preview Content\"";
				DEVELOPMENT_TEAM = 94F2P9ZZT8;
				ENABLE_PREVIEWS = YES;
				GENERATE_INFOPLIST_FILE = YES;
				INFOPLIST_KEY_UIApplicationSceneManifest_Generation = YES;
				INFOPLIST_KEY_UIApplicationSupportsIndirectInputEvents = YES;
				INFOPLIST_KEY_UILaunchScreen_Generation = YES;
				INFOPLIST_KEY_UISupportedInterfaceOrientations_iPad = "UIInterfaceOrientationPortrait UIInterfaceOrientationPortraitUpsideDown UIInterfaceOrientationLandscapeLeft UIInterfaceOrientationLandscapeRight";
				INFOPLIST_KEY_UISupportedInterfaceOrientations_iPhone = "UIInterfaceOrientationPortrait UIInterfaceOrientationLandscapeLeft UIInterfaceOrientationLandscapeRight";
				LD_RUNPATH_SEARCH_PATHS = (
					"$(inherited)",
					"@executable_path/Frameworks",
				);
				MARKETING_VERSION = 1.0;
				PRODUCT_BUNDLE_IDENTIFIER = AURA.AuraMobile;
				PRODUCT_NAME = "$(TARGET_NAME)";
				SWIFT_EMIT_LOC_STRINGS = YES;
				SWIFT_VERSION = 5.0;
				TARGETED_DEVICE_FAMILY = "1,2";
			};
			name = Release;
		};
		78561EAF2A0BAC15000AA43E /* Debug */ = {
			isa = XCBuildConfiguration;
			buildSettings = {
				ALWAYS_EMBED_SWIFT_STANDARD_LIBRARIES = YES;
				BUNDLE_LOADER = "$(TEST_HOST)";
				CODE_SIGN_STYLE = Automatic;
				CURRENT_PROJECT_VERSION = 1;
				DEVELOPMENT_TEAM = 94F2P9ZZT8;
				GENERATE_INFOPLIST_FILE = YES;
				IPHONEOS_DEPLOYMENT_TARGET = 16.4;
				MARKETING_VERSION = 1.0;
				PRODUCT_BUNDLE_IDENTIFIER = AURA.AuraMobileTests;
				PRODUCT_NAME = "$(TARGET_NAME)";
				SWIFT_EMIT_LOC_STRINGS = NO;
				SWIFT_VERSION = 5.0;
				TARGETED_DEVICE_FAMILY = "1,2";
				TEST_HOST = "$(BUILT_PRODUCTS_DIR)/AuraMobile.app/$(BUNDLE_EXECUTABLE_FOLDER_PATH)/AuraMobile";
			};
			name = Debug;
		};
		78561EB02A0BAC15000AA43E /* Release */ = {
			isa = XCBuildConfiguration;
			buildSettings = {
				ALWAYS_EMBED_SWIFT_STANDARD_LIBRARIES = YES;
				BUNDLE_LOADER = "$(TEST_HOST)";
				CODE_SIGN_STYLE = Automatic;
				CURRENT_PROJECT_VERSION = 1;
				DEVELOPMENT_TEAM = 94F2P9ZZT8;
				GENERATE_INFOPLIST_FILE = YES;
				IPHONEOS_DEPLOYMENT_TARGET = 16.4;
				MARKETING_VERSION = 1.0;
				PRODUCT_BUNDLE_IDENTIFIER = AURA.AuraMobileTests;
				PRODUCT_NAME = "$(TARGET_NAME)";
				SWIFT_EMIT_LOC_STRINGS = NO;
				SWIFT_VERSION = 5.0;
				TARGETED_DEVICE_FAMILY = "1,2";
				TEST_HOST = "$(BUILT_PRODUCTS_DIR)/AuraMobile.app/$(BUNDLE_EXECUTABLE_FOLDER_PATH)/AuraMobile";
			};
			name = Release;
		};
		78561EB22A0BAC15000AA43E /* Debug */ = {
			isa = XCBuildConfiguration;
			buildSettings = {
				ALWAYS_EMBED_SWIFT_STANDARD_LIBRARIES = YES;
				CODE_SIGN_STYLE = Automatic;
				CURRENT_PROJECT_VERSION = 1;
				DEVELOPMENT_TEAM = 94F2P9ZZT8;
				GENERATE_INFOPLIST_FILE = YES;
				MARKETING_VERSION = 1.0;
				PRODUCT_BUNDLE_IDENTIFIER = AURA.AuraMobileUITests;
				PRODUCT_NAME = "$(TARGET_NAME)";
				SWIFT_EMIT_LOC_STRINGS = NO;
				SWIFT_VERSION = 5.0;
				TARGETED_DEVICE_FAMILY = "1,2";
				TEST_TARGET_NAME = AuraMobile;
			};
			name = Debug;
		};
		78561EB32A0BAC15000AA43E /* Release */ = {
			isa = XCBuildConfiguration;
			buildSettings = {
				ALWAYS_EMBED_SWIFT_STANDARD_LIBRARIES = YES;
				CODE_SIGN_STYLE = Automatic;
				CURRENT_PROJECT_VERSION = 1;
				DEVELOPMENT_TEAM = 94F2P9ZZT8;
				GENERATE_INFOPLIST_FILE = YES;
				MARKETING_VERSION = 1.0;
				PRODUCT_BUNDLE_IDENTIFIER = AURA.AuraMobileUITests;
				PRODUCT_NAME = "$(TARGET_NAME)";
				SWIFT_EMIT_LOC_STRINGS = NO;
				SWIFT_VERSION = 5.0;
				TARGETED_DEVICE_FAMILY = "1,2";
				TEST_TARGET_NAME = AuraMobile;
			};
			name = Release;
		};
/* End XCBuildConfiguration section */

/* Begin XCConfigurationList section */
		78561E822A0BAC14000AA43E /* Build configuration list for PBXProject "AuraMobile" */ = {
			isa = XCConfigurationList;
			buildConfigurations = (
				78561EA92A0BAC15000AA43E /* Debug */,
				78561EAA2A0BAC15000AA43E /* Release */,
			);
			defaultConfigurationIsVisible = 0;
			defaultConfigurationName = Release;
		};
		78561EAB2A0BAC15000AA43E /* Build configuration list for PBXNativeTarget "AuraMobile" */ = {
			isa = XCConfigurationList;
			buildConfigurations = (
				78561EAC2A0BAC15000AA43E /* Debug */,
				78561EAD2A0BAC15000AA43E /* Release */,
			);
			defaultConfigurationIsVisible = 0;
			defaultConfigurationName = Release;
		};
		78561EAE2A0BAC15000AA43E /* Build configuration list for PBXNativeTarget "AuraMobileTests" */ = {
			isa = XCConfigurationList;
			buildConfigurations = (
				78561EAF2A0BAC15000AA43E /* Debug */,
				78561EB02A0BAC15000AA43E /* Release */,
			);
			defaultConfigurationIsVisible = 0;
			defaultConfigurationName = Release;
		};
		78561EB12A0BAC15000AA43E /* Build configuration list for PBXNativeTarget "AuraMobileUITests" */ = {
			isa = XCConfigurationList;
			buildConfigurations = (
				78561EB22A0BAC15000AA43E /* Debug */,
				78561EB32A0BAC15000AA43E /* Release */,
			);
			defaultConfigurationIsVisible = 0;
			defaultConfigurationName = Release;
		};
/* End XCConfigurationList section */
	};
	rootObject = 78561E7F2A0BAC14000AA43E /* Project object */;
}
